
Microsoft Visual Studio Solution File, Format Version 11.00
# Visual Studio 2010
Project("{FAE04EC0-301F-11D3-BF4B-00C04F79EFBC}") = "Extinction", "Assembly-CSharp-firstpass.csproj", "{20E93FC2-3861-504F-E7AA-85D927412584}"
EndProject
Project("{FAE04EC0-301F-11D3-BF4B-00C04F79EFBC}") = "Extinction", "Assembly-CSharp.csproj", "{3D365614-F5BA-6ED7-5DE4-207CCE560BAA}"
EndProject
Project("{FAE04EC0-301F-11D3-BF4B-00C04F79EFBC}") = "Extinction", "Assembly-CSharp-Editor-firstpass.csproj", "{ED3B7416-7DE8-5E6D-3764-70C5D2F7E3A9}"
EndProject
Global
	GlobalSection(SolutionConfigurationPlatforms) = preSolution
		Debug|Any CPU = Debug|Any CPU
		Release|Any CPU = Release|Any CPU
	EndGlobalSection
	GlobalSection(ProjectConfigurationPlatforms) = postSolution
		{20E93FC2-3861-504F-E7AA-85D927412584}.Debug|Any CPU.ActiveCfg = Debug|Any CPU
		{20E93FC2-3861-504F-E7AA-85D927412584}.Debug|Any CPU.Build.0 = Debug|Any CPU
		{20E93FC2-3861-504F-E7AA-85D927412584}.Release|Any CPU.ActiveCfg = Release|Any CPU
		{20E93FC2-3861-504F-E7AA-85D927412584}.Release|Any CPU.Build.0 = Release|Any CPU
		{3D365614-F5BA-6ED7-5DE4-207CCE560BAA}.Debug|Any CPU.ActiveCfg = Debug|Any CPU
		{3D365614-F5BA-6ED7-5DE4-207CCE560BAA}.Debug|Any CPU.Build.0 = Debug|Any CPU
		{3D365614-F5BA-6ED7-5DE4-207CCE560BAA}.Release|Any CPU.ActiveCfg = Release|Any CPU
		{3D365614-F5BA-6ED7-5DE4-207CCE560BAA}.Release|Any CPU.Build.0 = Release|Any CPU
		{ED3B7416-7DE8-5E6D-3764-70C5D2F7E3A9}.Debug|Any CPU.ActiveCfg = Debug|Any CPU
		{ED3B7416-7DE8-5E6D-3764-70C5D2F7E3A9}.Debug|Any CPU.Build.0 = Debug|Any CPU
		{ED3B7416-7DE8-5E6D-3764-70C5D2F7E3A9}.Release|Any CPU.ActiveCfg = Release|Any CPU
		{ED3B7416-7DE8-5E6D-3764-70C5D2F7E3A9}.Release|Any CPU.Build.0 = Release|Any CPU
	EndGlobalSection
	GlobalSection(SolutionProperties) = preSolution
		HideSolutionNode = FALSE
	EndGlobalSection
	GlobalSection(MonoDevelopProperties) = preSolution
		StartupItem = Assembly-CSharp.csproj
	EndGlobalSection
EndGlobal
